
Microsoft Visual Studio Solution File, Format Version 12.00
# Visual Studio 15
VisualStudioVersion = 15.0.27130.2010
MinimumVisualStudioVersion = 10.0.40219.1
Project("{F2A71F9B-5D33-465A-A702-920D77279786}") = "Task_1-4", "Task_1-4\Task_1-4.fsproj", "{C8F745CF-3ACB-41CC-B07A-B99C671C0E68}"
EndProject
Project("{F2A71F9B-5D33-465A-A702-920D77279786}") = "Task_1-4.Tests", "Task_1-4.Tests\Task_1-4.Tests.fsproj", "{B83221F7-CA3B-4BE6-9FD8-FE56540332B5}"
EndProject
Global
	GlobalSection(SolutionConfigurationPlatforms) = preSolution
		Debug|Any CPU = Debug|Any CPU
		Release|Any CPU = Release|Any CPU
	EndGlobalSection
	GlobalSection(ProjectConfigurationPlatforms) = postSolution
		{C8F745CF-3ACB-41CC-B07A-B99C671C0E68}.Debug|Any CPU.ActiveCfg = Debug|Any CPU
		{C8F745CF-3ACB-41CC-B07A-B99C671C0E68}.Debug|Any CPU.Build.0 = Debug|Any CPU
		{C8F745CF-3ACB-41CC-B07A-B99C671C0E68}.Release|Any CPU.ActiveCfg = Release|Any CPU
		{C8F745CF-3ACB-41CC-B07A-B99C671C0E68}.Release|Any CPU.Build.0 = Release|Any CPU
		{B83221F7-CA3B-4BE6-9FD8-FE56540332B5}.Debug|Any CPU.ActiveCfg = Debug|Any CPU
		{B83221F7-CA3B-4BE6-9FD8-FE56540332B5}.Debug|Any CPU.Build.0 = Debug|Any CPU
		{B83221F7-CA3B-4BE6-9FD8-FE56540332B5}.Release|Any CPU.ActiveCfg = Release|Any CPU
		{B83221F7-CA3B-4BE6-9FD8-FE56540332B5}.Release|Any CPU.Build.0 = Release|Any CPU
	EndGlobalSection
	GlobalSection(SolutionProperties) = preSolution
		HideSolutionNode = FALSE
	EndGlobalSection
	GlobalSection(ExtensibilityGlobals) = postSolution
		SolutionGuid = {8A478CEA-2D03-4C2D-AE8D-E04CB3E73A49}
	EndGlobalSection
EndGlobal
