
Microsoft Visual Studio Solution File, Format Version 12.00
# Visual Studio 15
VisualStudioVersion = 15.0.27703.2000
MinimumVisualStudioVersion = 10.0.40219.1
Project("{F2A71F9B-5D33-465A-A702-920D77279786}") = "Task_1", "Task_1\Task_1.fsproj", "{68BF9013-5885-4B62-BCFF-B71ED884A639}"
EndProject
Project("{F2A71F9B-5D33-465A-A702-920D77279786}") = "Task_1.Tests", "Task_1.Tests\Task_1.Tests.fsproj", "{E00E9C7B-301A-4417-A435-472DDEF234B6}"
EndProject
Global
	GlobalSection(SolutionConfigurationPlatforms) = preSolution
		Debug|Any CPU = Debug|Any CPU
		Release|Any CPU = Release|Any CPU
	EndGlobalSection
	GlobalSection(ProjectConfigurationPlatforms) = postSolution
		{68BF9013-5885-4B62-BCFF-B71ED884A639}.Debug|Any CPU.ActiveCfg = Debug|Any CPU
		{68BF9013-5885-4B62-BCFF-B71ED884A639}.Debug|Any CPU.Build.0 = Debug|Any CPU
		{68BF9013-5885-4B62-BCFF-B71ED884A639}.Release|Any CPU.ActiveCfg = Release|Any CPU
		{68BF9013-5885-4B62-BCFF-B71ED884A639}.Release|Any CPU.Build.0 = Release|Any CPU
		{E00E9C7B-301A-4417-A435-472DDEF234B6}.Debug|Any CPU.ActiveCfg = Debug|Any CPU
		{E00E9C7B-301A-4417-A435-472DDEF234B6}.Debug|Any CPU.Build.0 = Debug|Any CPU
		{E00E9C7B-301A-4417-A435-472DDEF234B6}.Release|Any CPU.ActiveCfg = Release|Any CPU
		{E00E9C7B-301A-4417-A435-472DDEF234B6}.Release|Any CPU.Build.0 = Release|Any CPU
	EndGlobalSection
	GlobalSection(SolutionProperties) = preSolution
		HideSolutionNode = FALSE
	EndGlobalSection
	GlobalSection(ExtensibilityGlobals) = postSolution
		SolutionGuid = {63CB26A3-278E-46C7-B63C-EF1E580ADC6B}
	EndGlobalSection
EndGlobal
