
Microsoft Visual Studio Solution File, Format Version 12.00
# Visual Studio 15
VisualStudioVersion = 15.0.27703.2000
MinimumVisualStudioVersion = 10.0.40219.1
Project("{F2A71F9B-5D33-465A-A702-920D77279786}") = "Task_2", "Task_2\Task_2.fsproj", "{93B5578A-EC91-4DDD-A69B-03A09975C67B}"
EndProject
Project("{F2A71F9B-5D33-465A-A702-920D77279786}") = "Task_2.Tests", "Task_2.Tests\Task_2.Tests.fsproj", "{81E815D6-874C-443B-B9AE-A0A707F97A0D}"
EndProject
Global
	GlobalSection(SolutionConfigurationPlatforms) = preSolution
		Debug|Any CPU = Debug|Any CPU
		Release|Any CPU = Release|Any CPU
	EndGlobalSection
	GlobalSection(ProjectConfigurationPlatforms) = postSolution
		{93B5578A-EC91-4DDD-A69B-03A09975C67B}.Debug|Any CPU.ActiveCfg = Debug|Any CPU
		{93B5578A-EC91-4DDD-A69B-03A09975C67B}.Debug|Any CPU.Build.0 = Debug|Any CPU
		{93B5578A-EC91-4DDD-A69B-03A09975C67B}.Release|Any CPU.ActiveCfg = Release|Any CPU
		{93B5578A-EC91-4DDD-A69B-03A09975C67B}.Release|Any CPU.Build.0 = Release|Any CPU
		{81E815D6-874C-443B-B9AE-A0A707F97A0D}.Debug|Any CPU.ActiveCfg = Debug|Any CPU
		{81E815D6-874C-443B-B9AE-A0A707F97A0D}.Debug|Any CPU.Build.0 = Debug|Any CPU
		{81E815D6-874C-443B-B9AE-A0A707F97A0D}.Release|Any CPU.ActiveCfg = Release|Any CPU
		{81E815D6-874C-443B-B9AE-A0A707F97A0D}.Release|Any CPU.Build.0 = Release|Any CPU
	EndGlobalSection
	GlobalSection(SolutionProperties) = preSolution
		HideSolutionNode = FALSE
	EndGlobalSection
	GlobalSection(ExtensibilityGlobals) = postSolution
		SolutionGuid = {1F64A3D6-E8AE-4125-A35F-357087C9D78F}
	EndGlobalSection
EndGlobal
