
Microsoft Visual Studio Solution File, Format Version 12.00
# Visual Studio 15
VisualStudioVersion = 15.0.27004.2002
MinimumVisualStudioVersion = 10.0.40219.1
Project("{FAE04EC0-301F-11D3-BF4B-00C04F79EFBC}") = "Task_1", "Task_1\Task_1.csproj", "{9995D951-24AF-4AEF-8ADC-71426162639D}"
EndProject
Project("{FAE04EC0-301F-11D3-BF4B-00C04F79EFBC}") = "Task_1.Tests", "Task_1.Tests\Task_1.Tests.csproj", "{0C14863B-8048-4547-BB66-5B00B816FCA8}"
EndProject
Global
	GlobalSection(SolutionConfigurationPlatforms) = preSolution
		Debug|Any CPU = Debug|Any CPU
		Release|Any CPU = Release|Any CPU
	EndGlobalSection
	GlobalSection(ProjectConfigurationPlatforms) = postSolution
		{9995D951-24AF-4AEF-8ADC-71426162639D}.Debug|Any CPU.ActiveCfg = Debug|Any CPU
		{9995D951-24AF-4AEF-8ADC-71426162639D}.Debug|Any CPU.Build.0 = Debug|Any CPU
		{9995D951-24AF-4AEF-8ADC-71426162639D}.Release|Any CPU.ActiveCfg = Release|Any CPU
		{9995D951-24AF-4AEF-8ADC-71426162639D}.Release|Any CPU.Build.0 = Release|Any CPU
		{0C14863B-8048-4547-BB66-5B00B816FCA8}.Debug|Any CPU.ActiveCfg = Debug|Any CPU
		{0C14863B-8048-4547-BB66-5B00B816FCA8}.Debug|Any CPU.Build.0 = Debug|Any CPU
		{0C14863B-8048-4547-BB66-5B00B816FCA8}.Release|Any CPU.ActiveCfg = Release|Any CPU
		{0C14863B-8048-4547-BB66-5B00B816FCA8}.Release|Any CPU.Build.0 = Release|Any CPU
	EndGlobalSection
	GlobalSection(SolutionProperties) = preSolution
		HideSolutionNode = FALSE
	EndGlobalSection
	GlobalSection(ExtensibilityGlobals) = postSolution
		SolutionGuid = {3D600FB1-5019-4100-AA43-431527FACD5A}
	EndGlobalSection
EndGlobal
